
Microsoft Visual Studio Solution File, Format Version 12.00
# Visual Studio Version 16
VisualStudioVersion = 16.0.28922.388
MinimumVisualStudioVersion = 10.0.40219.1
Project("{9A19103F-16F7-4668-BE54-9A1E7A4F7556}") = "demoOdeToFood", "demoOdeToFood\demoOdeToFood.csproj", "{258E6099-BCFD-4CC0-91CD-45C3A4DCAEFF}"
EndProject
Project("{9A19103F-16F7-4668-BE54-9A1E7A4F7556}") = "demoOdeToFood.core", "demoOdeToFood.core\demoOdeToFood.core.csproj", "{77E03495-A8BA-473A-9396-D0207406C52C}"
EndProject
Project("{9A19103F-16F7-4668-BE54-9A1E7A4F7556}") = "demoOdeToFood.Data", "demoOdeToFood.Data\demoOdeToFood.Data.csproj", "{E09636A1-DC9F-4264-AF7A-33ACB39CFBD3}"
EndProject
Project("{FAE04EC0-301F-11D3-BF4B-00C04F79EFBC}") = "WebApiAuthenticationControllers", "WebApiAuthenticationControllers\WebApiAuthenticationControllers.csproj", "{BF1E2FBF-1F9B-4399-B911-C4F26559EB29}"
EndProject
Global
	GlobalSection(SolutionConfigurationPlatforms) = preSolution
		Debug|Any CPU = Debug|Any CPU
		Release|Any CPU = Release|Any CPU
	EndGlobalSection
	GlobalSection(ProjectConfigurationPlatforms) = postSolution
		{258E6099-BCFD-4CC0-91CD-45C3A4DCAEFF}.Debug|Any CPU.ActiveCfg = Debug|Any CPU
		{258E6099-BCFD-4CC0-91CD-45C3A4DCAEFF}.Debug|Any CPU.Build.0 = Debug|Any CPU
		{258E6099-BCFD-4CC0-91CD-45C3A4DCAEFF}.Release|Any CPU.ActiveCfg = Release|Any CPU
		{258E6099-BCFD-4CC0-91CD-45C3A4DCAEFF}.Release|Any CPU.Build.0 = Release|Any CPU
		{77E03495-A8BA-473A-9396-D0207406C52C}.Debug|Any CPU.ActiveCfg = Debug|Any CPU
		{77E03495-A8BA-473A-9396-D0207406C52C}.Debug|Any CPU.Build.0 = Debug|Any CPU
		{77E03495-A8BA-473A-9396-D0207406C52C}.Release|Any CPU.ActiveCfg = Release|Any CPU
		{77E03495-A8BA-473A-9396-D0207406C52C}.Release|Any CPU.Build.0 = Release|Any CPU
		{E09636A1-DC9F-4264-AF7A-33ACB39CFBD3}.Debug|Any CPU.ActiveCfg = Debug|Any CPU
		{E09636A1-DC9F-4264-AF7A-33ACB39CFBD3}.Debug|Any CPU.Build.0 = Debug|Any CPU
		{E09636A1-DC9F-4264-AF7A-33ACB39CFBD3}.Release|Any CPU.ActiveCfg = Release|Any CPU
		{E09636A1-DC9F-4264-AF7A-33ACB39CFBD3}.Release|Any CPU.Build.0 = Release|Any CPU
		{BF1E2FBF-1F9B-4399-B911-C4F26559EB29}.Debug|Any CPU.ActiveCfg = Debug|Any CPU
		{BF1E2FBF-1F9B-4399-B911-C4F26559EB29}.Debug|Any CPU.Build.0 = Debug|Any CPU
		{BF1E2FBF-1F9B-4399-B911-C4F26559EB29}.Release|Any CPU.ActiveCfg = Release|Any CPU
		{BF1E2FBF-1F9B-4399-B911-C4F26559EB29}.Release|Any CPU.Build.0 = Release|Any CPU
	EndGlobalSection
	GlobalSection(SolutionProperties) = preSolution
		HideSolutionNode = FALSE
	EndGlobalSection
	GlobalSection(ExtensibilityGlobals) = postSolution
		SolutionGuid = {B171B455-DDE4-4D51-ADFA-E38D544663FE}
	EndGlobalSection
EndGlobal
